
Microsoft Visual Studio Solution File, Format Version 12.00
# Visual Studio Version 17
VisualStudioVersion = 17.13.35919.96
MinimumVisualStudioVersion = 10.0.40219.1
Project("{FAE04EC0-301F-11D3-BF4B-00C04F79EFBC}") = "AppMvc", "src\AppMvc\AppMvc.csproj", "{1D47A713-82A4-4E4C-AD1F-CAF1451265F7}"
EndProject
Project("{FAE04EC0-301F-11D3-BF4B-00C04F79EFBC}") = "Api", "src\Api\Api.csproj", "{B68FCCCE-60EE-4954-A9C6-3033E199ED47}"
EndProject
Project("{FAE04EC0-301F-11D3-BF4B-00C04F79EFBC}") = "Core", "src\Application\Core.csproj", "{68833D6E-7B3B-4185-8D74-89C352E8A0E8}"
EndProject
Global
	GlobalSection(SolutionConfigurationPlatforms) = preSolution
		Debug|Any CPU = Debug|Any CPU
		Release|Any CPU = Release|Any CPU
	EndGlobalSection
	GlobalSection(ProjectConfigurationPlatforms) = postSolution
		{1D47A713-82A4-4E4C-AD1F-CAF1451265F7}.Debug|Any CPU.ActiveCfg = Debug|Any CPU
		{1D47A713-82A4-4E4C-AD1F-CAF1451265F7}.Debug|Any CPU.Build.0 = Debug|Any CPU
		{1D47A713-82A4-4E4C-AD1F-CAF1451265F7}.Release|Any CPU.ActiveCfg = Release|Any CPU
		{1D47A713-82A4-4E4C-AD1F-CAF1451265F7}.Release|Any CPU.Build.0 = Release|Any CPU
		{B68FCCCE-60EE-4954-A9C6-3033E199ED47}.Debug|Any CPU.ActiveCfg = Debug|Any CPU
		{B68FCCCE-60EE-4954-A9C6-3033E199ED47}.Debug|Any CPU.Build.0 = Debug|Any CPU
		{B68FCCCE-60EE-4954-A9C6-3033E199ED47}.Release|Any CPU.ActiveCfg = Release|Any CPU
		{B68FCCCE-60EE-4954-A9C6-3033E199ED47}.Release|Any CPU.Build.0 = Release|Any CPU
		{68833D6E-7B3B-4185-8D74-89C352E8A0E8}.Debug|Any CPU.ActiveCfg = Debug|Any CPU
		{68833D6E-7B3B-4185-8D74-89C352E8A0E8}.Debug|Any CPU.Build.0 = Debug|Any CPU
		{68833D6E-7B3B-4185-8D74-89C352E8A0E8}.Release|Any CPU.ActiveCfg = Release|Any CPU
		{68833D6E-7B3B-4185-8D74-89C352E8A0E8}.Release|Any CPU.Build.0 = Release|Any CPU
	EndGlobalSection
	GlobalSection(SolutionProperties) = preSolution
		HideSolutionNode = FALSE
	EndGlobalSection
	GlobalSection(ExtensibilityGlobals) = postSolution
		SolutionGuid = {2FC23A7D-1C2A-4515-9C64-BF4C07386E3B}
	EndGlobalSection
EndGlobal
